
Microsoft Visual Studio Solution File, Format Version 12.00
# Visual Studio Version 17
VisualStudioVersion = 17.5.33627.172
MinimumVisualStudioVersion = 10.0.40219.1
Project("{9A19103F-16F7-4668-BE54-9A1E7A4F7556}") = "MetalArchivesCore", "Source\MetalArchivesCore\MetalArchivesCore.csproj", "{B94D6D89-51A4-495A-B40A-584444F3EBC3}"
EndProject
Project("{9A19103F-16F7-4668-BE54-9A1E7A4F7556}") = "WebsiteParserCore", "..\WebsiteParserCore\Source\WebsiteParserCore\WebsiteParserCore.csproj", "{7FE03A6F-5B3F-4784-BA1E-29771401760D}"
EndProject
Project("{FAE04EC0-301F-11D3-BF4B-00C04F79EFBC}") = "MetalArchivesCore.Tests", "Source\MatalArchivesCore.Tests\MetalArchivesCore.Tests.csproj", "{BC3A346B-1CCF-4E24-A2DC-D6E1BF20D4AC}"
EndProject
Global
	GlobalSection(SolutionConfigurationPlatforms) = preSolution
		Debug|Any CPU = Debug|Any CPU
		Release|Any CPU = Release|Any CPU
	EndGlobalSection
	GlobalSection(ProjectConfigurationPlatforms) = postSolution
		{B94D6D89-51A4-495A-B40A-584444F3EBC3}.Debug|Any CPU.ActiveCfg = Debug|Any CPU
		{B94D6D89-51A4-495A-B40A-584444F3EBC3}.Debug|Any CPU.Build.0 = Debug|Any CPU
		{B94D6D89-51A4-495A-B40A-584444F3EBC3}.Release|Any CPU.ActiveCfg = Release|Any CPU
		{B94D6D89-51A4-495A-B40A-584444F3EBC3}.Release|Any CPU.Build.0 = Release|Any CPU
		{7FE03A6F-5B3F-4784-BA1E-29771401760D}.Debug|Any CPU.ActiveCfg = Debug|Any CPU
		{7FE03A6F-5B3F-4784-BA1E-29771401760D}.Debug|Any CPU.Build.0 = Debug|Any CPU
		{7FE03A6F-5B3F-4784-BA1E-29771401760D}.Release|Any CPU.ActiveCfg = Release|Any CPU
		{7FE03A6F-5B3F-4784-BA1E-29771401760D}.Release|Any CPU.Build.0 = Release|Any CPU
		{BC3A346B-1CCF-4E24-A2DC-D6E1BF20D4AC}.Debug|Any CPU.ActiveCfg = Debug|Any CPU
		{BC3A346B-1CCF-4E24-A2DC-D6E1BF20D4AC}.Debug|Any CPU.Build.0 = Debug|Any CPU
		{BC3A346B-1CCF-4E24-A2DC-D6E1BF20D4AC}.Release|Any CPU.ActiveCfg = Release|Any CPU
		{BC3A346B-1CCF-4E24-A2DC-D6E1BF20D4AC}.Release|Any CPU.Build.0 = Release|Any CPU
	EndGlobalSection
	GlobalSection(SolutionProperties) = preSolution
		HideSolutionNode = FALSE
	EndGlobalSection
	GlobalSection(ExtensibilityGlobals) = postSolution
		SolutionGuid = {7383D6CE-3C42-43BB-9A8E-1CD7393F2A53}
	EndGlobalSection
EndGlobal
